
Microsoft Visual Studio Solution File, Format Version 12.00
# Visual Studio 15
VisualStudioVersion = 15.0.27130.2036
MinimumVisualStudioVersion = 10.0.40219.1
Project("{FAE04EC0-301F-11D3-BF4B-00C04F79EFBC}") = "ScreenshotManager.Android", "ScreenshotManager\ScreenshotManager.Android\ScreenshotManager.Android.csproj", "{42A1C132-CD3B-4D0C-B685-05D11CFBDC2F}"
EndProject
Project("{FAE04EC0-301F-11D3-BF4B-00C04F79EFBC}") = "ScreenshotManager.iOS", "ScreenshotManager\ScreenshotManager.iOS\ScreenshotManager.iOS.csproj", "{F0697FD7-7450-4F3A-911B-1651474D5BD0}"
EndProject
Project("{D954291E-2A0B-460D-934E-DC6B0785DB48}") = "ScreenshotManager", "ScreenshotManager\ScreenshotManager\ScreenshotManager.shproj", "{0E44CA72-24A1-46E5-860B-E2C3C8D8DCDD}"
EndProject
Global
	GlobalSection(SharedMSBuildProjectFiles) = preSolution
		ScreenshotManager\ScreenshotManager\ScreenshotManager.projitems*{0e44ca72-24a1-46e5-860b-e2c3c8d8dcdd}*SharedItemsImports = 13
		ScreenshotManager\ScreenshotManager\ScreenshotManager.projitems*{42a1c132-cd3b-4d0c-b685-05d11cfbdc2f}*SharedItemsImports = 4
	EndGlobalSection
	GlobalSection(SolutionConfigurationPlatforms) = preSolution
		Ad-Hoc|Any CPU = Ad-Hoc|Any CPU
		Ad-Hoc|ARM = Ad-Hoc|ARM
		Ad-Hoc|iPhone = Ad-Hoc|iPhone
		Ad-Hoc|iPhoneSimulator = Ad-Hoc|iPhoneSimulator
		Ad-Hoc|x64 = Ad-Hoc|x64
		Ad-Hoc|x86 = Ad-Hoc|x86
		AppStore|Any CPU = AppStore|Any CPU
		AppStore|ARM = AppStore|ARM
		AppStore|iPhone = AppStore|iPhone
		AppStore|iPhoneSimulator = AppStore|iPhoneSimulator
		AppStore|x64 = AppStore|x64
		AppStore|x86 = AppStore|x86
		Debug|Any CPU = Debug|Any CPU
		Debug|ARM = Debug|ARM
		Debug|iPhone = Debug|iPhone
		Debug|iPhoneSimulator = Debug|iPhoneSimulator
		Debug|x64 = Debug|x64
		Debug|x86 = Debug|x86
		Release|Any CPU = Release|Any CPU
		Release|ARM = Release|ARM
		Release|iPhone = Release|iPhone
		Release|iPhoneSimulator = Release|iPhoneSimulator
		Release|x64 = Release|x64
		Release|x86 = Release|x86
	EndGlobalSection
	GlobalSection(ProjectConfigurationPlatforms) = postSolution
		{42A1C132-CD3B-4D0C-B685-05D11CFBDC2F}.Ad-Hoc|Any CPU.ActiveCfg = Release|Any CPU
		{42A1C132-CD3B-4D0C-B685-05D11CFBDC2F}.Ad-Hoc|Any CPU.Build.0 = Release|Any CPU
		{42A1C132-CD3B-4D0C-B685-05D11CFBDC2F}.Ad-Hoc|Any CPU.Deploy.0 = Release|Any CPU
		{42A1C132-CD3B-4D0C-B685-05D11CFBDC2F}.Ad-Hoc|ARM.ActiveCfg = Release|Any CPU
		{42A1C132-CD3B-4D0C-B685-05D11CFBDC2F}.Ad-Hoc|ARM.Build.0 = Release|Any CPU
		{42A1C132-CD3B-4D0C-B685-05D11CFBDC2F}.Ad-Hoc|ARM.Deploy.0 = Release|Any CPU
		{42A1C132-CD3B-4D0C-B685-05D11CFBDC2F}.Ad-Hoc|iPhone.ActiveCfg = Release|Any CPU
		{42A1C132-CD3B-4D0C-B685-05D11CFBDC2F}.Ad-Hoc|iPhone.Build.0 = Release|Any CPU
		{42A1C132-CD3B-4D0C-B685-05D11CFBDC2F}.Ad-Hoc|iPhone.Deploy.0 = Release|Any CPU
		{42A1C132-CD3B-4D0C-B685-05D11CFBDC2F}.Ad-Hoc|iPhoneSimulator.ActiveCfg = Release|Any CPU
		{42A1C132-CD3B-4D0C-B685-05D11CFBDC2F}.Ad-Hoc|iPhoneSimulator.Build.0 = Release|Any CPU
		{42A1C132-CD3B-4D0C-B685-05D11CFBDC2F}.Ad-Hoc|iPhoneSimulator.Deploy.0 = Release|Any CPU
		{42A1C132-CD3B-4D0C-B685-05D11CFBDC2F}.Ad-Hoc|x64.ActiveCfg = Release|Any CPU
		{42A1C132-CD3B-4D0C-B685-05D11CFBDC2F}.Ad-Hoc|x64.Build.0 = Release|Any CPU
		{42A1C132-CD3B-4D0C-B685-05D11CFBDC2F}.Ad-Hoc|x64.Deploy.0 = Release|Any CPU
		{42A1C132-CD3B-4D0C-B685-05D11CFBDC2F}.Ad-Hoc|x86.ActiveCfg = Release|Any CPU
		{42A1C132-CD3B-4D0C-B685-05D11CFBDC2F}.Ad-Hoc|x86.Build.0 = Release|Any CPU
		{42A1C132-CD3B-4D0C-B685-05D11CFBDC2F}.Ad-Hoc|x86.Deploy.0 = Release|Any CPU
		{42A1C132-CD3B-4D0C-B685-05D11CFBDC2F}.AppStore|Any CPU.ActiveCfg = Release|Any CPU
		{42A1C132-CD3B-4D0C-B685-05D11CFBDC2F}.AppStore|Any CPU.Build.0 = Release|Any CPU
		{42A1C132-CD3B-4D0C-B685-05D11CFBDC2F}.AppStore|Any CPU.Deploy.0 = Release|Any CPU
		{42A1C132-CD3B-4D0C-B685-05D11CFBDC2F}.AppStore|ARM.ActiveCfg = Release|Any CPU
		{42A1C132-CD3B-4D0C-B685-05D11CFBDC2F}.AppStore|ARM.Build.0 = Release|Any CPU
		{42A1C132-CD3B-4D0C-B685-05D11CFBDC2F}.AppStore|ARM.Deploy.0 = Release|Any CPU
		{42A1C132-CD3B-4D0C-B685-05D11CFBDC2F}.AppStore|iPhone.ActiveCfg = Release|Any CPU
		{42A1C132-CD3B-4D0C-B685-05D11CFBDC2F}.AppStore|iPhone.Build.0 = Release|Any CPU
		{42A1C132-CD3B-4D0C-B685-05D11CFBDC2F}.AppStore|iPhone.Deploy.0 = Release|Any CPU
		{42A1C132-CD3B-4D0C-B685-05D11CFBDC2F}.AppStore|iPhoneSimulator.ActiveCfg = Release|Any CPU
		{42A1C132-CD3B-4D0C-B685-05D11CFBDC2F}.AppStore|iPhoneSimulator.Build.0 = Release|Any CPU
		{42A1C132-CD3B-4D0C-B685-05D11CFBDC2F}.AppStore|iPhoneSimulator.Deploy.0 = Release|Any CPU
		{42A1C132-CD3B-4D0C-B685-05D11CFBDC2F}.AppStore|x64.ActiveCfg = Release|Any CPU
		{42A1C132-CD3B-4D0C-B685-05D11CFBDC2F}.AppStore|x64.Build.0 = Release|Any CPU
		{42A1C132-CD3B-4D0C-B685-05D11CFBDC2F}.AppStore|x64.Deploy.0 = Release|Any CPU
		{42A1C132-CD3B-4D0C-B685-05D11CFBDC2F}.AppStore|x86.ActiveCfg = Release|Any CPU
		{42A1C132-CD3B-4D0C-B685-05D11CFBDC2F}.AppStore|x86.Build.0 = Release|Any CPU
		{42A1C132-CD3B-4D0C-B685-05D11CFBDC2F}.AppStore|x86.Deploy.0 = Release|Any CPU
		{42A1C132-CD3B-4D0C-B685-05D11CFBDC2F}.Debug|Any CPU.ActiveCfg = Debug|Any CPU
		{42A1C132-CD3B-4D0C-B685-05D11CFBDC2F}.Debug|Any CPU.Build.0 = Debug|Any CPU
		{42A1C132-CD3B-4D0C-B685-05D11CFBDC2F}.Debug|Any CPU.Deploy.0 = Debug|Any CPU
		{42A1C132-CD3B-4D0C-B685-05D11CFBDC2F}.Debug|ARM.ActiveCfg = Debug|Any CPU
		{42A1C132-CD3B-4D0C-B685-05D11CFBDC2F}.Debug|ARM.Build.0 = Debug|Any CPU
		{42A1C132-CD3B-4D0C-B685-05D11CFBDC2F}.Debug|ARM.Deploy.0 = Debug|Any CPU
		{42A1C132-CD3B-4D0C-B685-05D11CFBDC2F}.Debug|iPhone.ActiveCfg = Debug|Any CPU
		{42A1C132-CD3B-4D0C-B685-05D11CFBDC2F}.Debug|iPhone.Build.0 = Debug|Any CPU
		{42A1C132-CD3B-4D0C-B685-05D11CFBDC2F}.Debug|iPhone.Deploy.0 = Debug|Any CPU
		{42A1C132-CD3B-4D0C-B685-05D11CFBDC2F}.Debug|iPhoneSimulator.ActiveCfg = Debug|Any CPU
		{42A1C132-CD3B-4D0C-B685-05D11CFBDC2F}.Debug|iPhoneSimulator.Build.0 = Debug|Any CPU
		{42A1C132-CD3B-4D0C-B685-05D11CFBDC2F}.Debug|iPhoneSimulator.Deploy.0 = Debug|Any CPU
		{42A1C132-CD3B-4D0C-B685-05D11CFBDC2F}.Debug|x64.ActiveCfg = Debug|Any CPU
		{42A1C132-CD3B-4D0C-B685-05D11CFBDC2F}.Debug|x64.Build.0 = Debug|Any CPU
		{42A1C132-CD3B-4D0C-B685-05D11CFBDC2F}.Debug|x64.Deploy.0 = Debug|Any CPU
		{42A1C132-CD3B-4D0C-B685-05D11CFBDC2F}.Debug|x86.ActiveCfg = Debug|Any CPU
		{42A1C132-CD3B-4D0C-B685-05D11CFBDC2F}.Debug|x86.Build.0 = Debug|Any CPU
		{42A1C132-CD3B-4D0C-B685-05D11CFBDC2F}.Debug|x86.Deploy.0 = Debug|Any CPU
		{42A1C132-CD3B-4D0C-B685-05D11CFBDC2F}.Release|Any CPU.ActiveCfg = Release|Any CPU
		{42A1C132-CD3B-4D0C-B685-05D11CFBDC2F}.Release|Any CPU.Build.0 = Release|Any CPU
		{42A1C132-CD3B-4D0C-B685-05D11CFBDC2F}.Release|Any CPU.Deploy.0 = Release|Any CPU
		{42A1C132-CD3B-4D0C-B685-05D11CFBDC2F}.Release|ARM.ActiveCfg = Release|Any CPU
		{42A1C132-CD3B-4D0C-B685-05D11CFBDC2F}.Release|ARM.Build.0 = Release|Any CPU
		{42A1C132-CD3B-4D0C-B685-05D11CFBDC2F}.Release|ARM.Deploy.0 = Release|Any CPU
		{42A1C132-CD3B-4D0C-B685-05D11CFBDC2F}.Release|iPhone.ActiveCfg = Release|Any CPU
		{42A1C132-CD3B-4D0C-B685-05D11CFBDC2F}.Release|iPhone.Build.0 = Release|Any CPU
		{42A1C132-CD3B-4D0C-B685-05D11CFBDC2F}.Release|iPhone.Deploy.0 = Release|Any CPU
		{42A1C132-CD3B-4D0C-B685-05D11CFBDC2F}.Release|iPhoneSimulator.ActiveCfg = Release|Any CPU
		{42A1C132-CD3B-4D0C-B685-05D11CFBDC2F}.Release|iPhoneSimulator.Build.0 = Release|Any CPU
		{42A1C132-CD3B-4D0C-B685-05D11CFBDC2F}.Release|iPhoneSimulator.Deploy.0 = Release|Any CPU
		{42A1C132-CD3B-4D0C-B685-05D11CFBDC2F}.Release|x64.ActiveCfg = Release|Any CPU
		{42A1C132-CD3B-4D0C-B685-05D11CFBDC2F}.Release|x64.Build.0 = Release|Any CPU
		{42A1C132-CD3B-4D0C-B685-05D11CFBDC2F}.Release|x64.Deploy.0 = Release|Any CPU
		{42A1C132-CD3B-4D0C-B685-05D11CFBDC2F}.Release|x86.ActiveCfg = Release|Any CPU
		{42A1C132-CD3B-4D0C-B685-05D11CFBDC2F}.Release|x86.Build.0 = Release|Any CPU
		{42A1C132-CD3B-4D0C-B685-05D11CFBDC2F}.Release|x86.Deploy.0 = Release|Any CPU
		{F0697FD7-7450-4F3A-911B-1651474D5BD0}.Ad-Hoc|Any CPU.ActiveCfg = Ad-Hoc|iPhone
		{F0697FD7-7450-4F3A-911B-1651474D5BD0}.Ad-Hoc|ARM.ActiveCfg = Ad-Hoc|iPhone
		{F0697FD7-7450-4F3A-911B-1651474D5BD0}.Ad-Hoc|iPhone.ActiveCfg = Ad-Hoc|iPhone
		{F0697FD7-7450-4F3A-911B-1651474D5BD0}.Ad-Hoc|iPhone.Build.0 = Ad-Hoc|iPhone
		{F0697FD7-7450-4F3A-911B-1651474D5BD0}.Ad-Hoc|iPhoneSimulator.ActiveCfg = Ad-Hoc|iPhoneSimulator
		{F0697FD7-7450-4F3A-911B-1651474D5BD0}.Ad-Hoc|iPhoneSimulator.Build.0 = Ad-Hoc|iPhoneSimulator
		{F0697FD7-7450-4F3A-911B-1651474D5BD0}.Ad-Hoc|x64.ActiveCfg = Ad-Hoc|iPhone
		{F0697FD7-7450-4F3A-911B-1651474D5BD0}.Ad-Hoc|x86.ActiveCfg = Ad-Hoc|iPhone
		{F0697FD7-7450-4F3A-911B-1651474D5BD0}.AppStore|Any CPU.ActiveCfg = AppStore|iPhone
		{F0697FD7-7450-4F3A-911B-1651474D5BD0}.AppStore|ARM.ActiveCfg = AppStore|iPhone
		{F0697FD7-7450-4F3A-911B-1651474D5BD0}.AppStore|iPhone.ActiveCfg = AppStore|iPhone
		{F0697FD7-7450-4F3A-911B-1651474D5BD0}.AppStore|iPhone.Build.0 = AppStore|iPhone
		{F0697FD7-7450-4F3A-911B-1651474D5BD0}.AppStore|iPhoneSimulator.ActiveCfg = AppStore|iPhoneSimulator
		{F0697FD7-7450-4F3A-911B-1651474D5BD0}.AppStore|iPhoneSimulator.Build.0 = AppStore|iPhoneSimulator
		{F0697FD7-7450-4F3A-911B-1651474D5BD0}.AppStore|x64.ActiveCfg = AppStore|iPhone
		{F0697FD7-7450-4F3A-911B-1651474D5BD0}.AppStore|x86.ActiveCfg = AppStore|iPhone
		{F0697FD7-7450-4F3A-911B-1651474D5BD0}.Debug|Any CPU.ActiveCfg = Debug|iPhone
		{F0697FD7-7450-4F3A-911B-1651474D5BD0}.Debug|ARM.ActiveCfg = Debug|iPhone
		{F0697FD7-7450-4F3A-911B-1651474D5BD0}.Debug|iPhone.ActiveCfg = Debug|iPhone
		{F0697FD7-7450-4F3A-911B-1651474D5BD0}.Debug|iPhone.Build.0 = Debug|iPhone
		{F0697FD7-7450-4F3A-911B-1651474D5BD0}.Debug|iPhoneSimulator.ActiveCfg = Debug|iPhoneSimulator
		{F0697FD7-7450-4F3A-911B-1651474D5BD0}.Debug|iPhoneSimulator.Build.0 = Debug|iPhoneSimulator
		{F0697FD7-7450-4F3A-911B-1651474D5BD0}.Debug|x64.ActiveCfg = Debug|iPhone
		{F0697FD7-7450-4F3A-911B-1651474D5BD0}.Debug|x86.ActiveCfg = Debug|iPhone
		{F0697FD7-7450-4F3A-911B-1651474D5BD0}.Release|Any CPU.ActiveCfg = Release|iPhone
		{F0697FD7-7450-4F3A-911B-1651474D5BD0}.Release|ARM.ActiveCfg = Release|iPhone
		{F0697FD7-7450-4F3A-911B-1651474D5BD0}.Release|iPhone.ActiveCfg = Release|iPhone
		{F0697FD7-7450-4F3A-911B-1651474D5BD0}.Release|iPhone.Build.0 = Release|iPhone
		{F0697FD7-7450-4F3A-911B-1651474D5BD0}.Release|iPhoneSimulator.ActiveCfg = Release|iPhoneSimulator
		{F0697FD7-7450-4F3A-911B-1651474D5BD0}.Release|iPhoneSimulator.Build.0 = Release|iPhoneSimulator
		{F0697FD7-7450-4F3A-911B-1651474D5BD0}.Release|x64.ActiveCfg = Release|iPhone
		{F0697FD7-7450-4F3A-911B-1651474D5BD0}.Release|x86.ActiveCfg = Release|iPhone
	EndGlobalSection
	GlobalSection(SolutionProperties) = preSolution
		HideSolutionNode = FALSE
	EndGlobalSection
	GlobalSection(ExtensibilityGlobals) = postSolution
		SolutionGuid = {38C8685B-EA65-4C97-A801-B9AA36363A9E}
	EndGlobalSection
EndGlobal
